
Microsoft Visual Studio Solution File, Format Version 12.00
# Visual Studio Version 16
VisualStudioVersion = 16.0.31105.61
MinimumVisualStudioVersion = 10.0.40219.1
Project("{2150E333-8FDC-42A3-9474-1A3956D46DE8}") = "Components", "Components", "{426C50EC-B53C-4805-A690-D50E4BEE91B2}"
EndProject
Project("{2150E333-8FDC-42A3-9474-1A3956D46DE8}") = "EventAggregator", "EventAggregator", "{5421BFA4-3866-4059-93A1-16C4D6263738}"
EndProject
Project("{2150E333-8FDC-42A3-9474-1A3956D46DE8}") = "FifoTaskQueue", "FifoTaskQueue", "{F999D0A8-5394-49A7-A6BC-4B7A57263B5F}"
EndProject
Project("{2150E333-8FDC-42A3-9474-1A3956D46DE8}") = "netstandard2.1", "netstandard2.1", "{441B223E-FF30-4D04-B253-AF71D1318630}"
EndProject
Project("{9A19103F-16F7-4668-BE54-9A1E7A4F7556}") = "EventAggregator", "Components\EventAggregator\netstandard2.1\EventAggregator\EventAggregator.csproj", "{79E9642E-9830-4714-9E18-4893C4A970DD}"
EndProject
Project("{2150E333-8FDC-42A3-9474-1A3956D46DE8}") = "Test", "Test", "{58DBB17F-F1F2-45DA-BB03-3ADF87A63BA0}"
EndProject
Project("{2150E333-8FDC-42A3-9474-1A3956D46DE8}") = "netcore3.1", "netcore3.1", "{15E6B20B-ABC7-49C4-8E7F-B3F55B81B9B0}"
EndProject
Project("{9A19103F-16F7-4668-BE54-9A1E7A4F7556}") = "EventAggregator.Test", "Components\EventAggregator\netstandard2.1\Test\netcore3.1\EventAggregator.Test\EventAggregator.Test.csproj", "{274B87D7-67D7-4419-94EB-C0531DCAB270}"
EndProject
Project("{2150E333-8FDC-42A3-9474-1A3956D46DE8}") = "netstandard2.1", "netstandard2.1", "{4DD4FFED-FABC-4990-8435-6779BBE59C68}"
EndProject
Project("{9A19103F-16F7-4668-BE54-9A1E7A4F7556}") = "FifoTaskQueue", "Components\FifoTaskQueue\netstandard2.1\FifoTaskQueue\FifoTaskQueue.csproj", "{A671E9AC-7A3D-450D-8597-F8A4A383C81F}"
EndProject
Project("{9A19103F-16F7-4668-BE54-9A1E7A4F7556}") = "FifoTaskQueueAbstract", "Components\FifoTaskQueue\netstandard2.1\FifoTaskQueueAbstract\FifoTaskQueueAbstract.csproj", "{9F6E73A0-EEFD-4315-8559-E6BAEEE5FA4C}"
EndProject
Project("{2150E333-8FDC-42A3-9474-1A3956D46DE8}") = "Test", "Test", "{C2A59B82-ECEC-4FDF-9F9B-DCA37A5AEE39}"
EndProject
Project("{2150E333-8FDC-42A3-9474-1A3956D46DE8}") = "netcore3.1", "netcore3.1", "{6C10B13B-17DE-491E-B6CD-B4BEC8C1B81E}"
EndProject
Project("{2150E333-8FDC-42A3-9474-1A3956D46DE8}") = "netframework4.7.2", "netframework4.7.2", "{A06DB4F2-1150-4C21-84B1-068223DE6CD9}"
EndProject
Project("{FAE04EC0-301F-11D3-BF4B-00C04F79EFBC}") = "FifoTaskQueue", "Components\FifoTaskQueue\netframework4.7.2\FifoTaskQueue\FifoTaskQueue.csproj", "{FD6D6E32-8E07-47D1-AB51-24487A6F8EBD}"
EndProject
Project("{FAE04EC0-301F-11D3-BF4B-00C04F79EFBC}") = "FifoTaskQueueAbstract", "Components\FifoTaskQueue\netframework4.7.2\FifoTaskQueueAbstract\FifoTaskQueueAbstract.csproj", "{B1456AC0-E3E5-4406-A26D-42C522253300}"
EndProject
Project("{2150E333-8FDC-42A3-9474-1A3956D46DE8}") = "Test", "Test", "{A703F116-6DB7-4DF4-9BCA-3ED84C319D3E}"
EndProject
Project("{2150E333-8FDC-42A3-9474-1A3956D46DE8}") = "netcore5.0", "netcore5.0", "{70462C0D-CA31-441A-B89C-35F92C2AF7E4}"
EndProject
Project("{9A19103F-16F7-4668-BE54-9A1E7A4F7556}") = "FifoTaskQueueNC3_1.Test", "Components\FifoTaskQueue\netstandard2.1\Test\netcore3.1\FifoTaskQueueTest\FifoTaskQueueNC3_1.Test.csproj", "{19B4E34F-7442-4A0C-BBC6-E605C64E0667}"
EndProject
Project("{9A19103F-16F7-4668-BE54-9A1E7A4F7556}") = "FifoTaskQueueNC5_0.Test", "Components\FifoTaskQueue\netstandard2.1\Test\netcore5.0\FifoTaskQueue.Test\FifoTaskQueueNC5_0.Test.csproj", "{14565C1C-214B-4C14-8B6E-C0F644F16221}"
EndProject
Project("{FAE04EC0-301F-11D3-BF4B-00C04F79EFBC}") = "FifoTaskQueueTest", "Components\FifoTaskQueue\netframework4.7.2\Test\FifoTaskQueueTest\FifoTaskQueueTest.csproj", "{BAD2885C-AC9E-4AFA-905D-78D64B4214F8}"
EndProject
Project("{2150E333-8FDC-42A3-9474-1A3956D46DE8}") = "MVPVMModule", "MVPVMModule", "{F2234F01-6AA5-4E87-BE65-01612B0EF243}"
EndProject
Project("{2150E333-8FDC-42A3-9474-1A3956D46DE8}") = "netstandard2.1", "netstandard2.1", "{AF8263CE-68DD-4B9A-B7D6-8DE8D8366646}"
EndProject
Project("{9A19103F-16F7-4668-BE54-9A1E7A4F7556}") = "MVPVMModule", "Components\MVPVMModule\netstandard2.1\MVPVMModule\MVPVMModule.csproj", "{8E5CCBA7-92B4-4258-8C9C-E9FB1307744B}"
EndProject
Project("{9A19103F-16F7-4668-BE54-9A1E7A4F7556}") = "EventAggregatorAbstract", "Components\EventAggregator\netstandard2.1\EventAggregatorAbstract\EventAggregatorAbstract.csproj", "{5312979B-D183-4956-A1BB-42CB045FA20F}"
EndProject
Project("{2150E333-8FDC-42A3-9474-1A3956D46DE8}") = "Usage", "Usage", "{F9F4A653-5A16-4F13-912C-0719FC9FF35C}"
EndProject
Project("{2150E333-8FDC-42A3-9474-1A3956D46DE8}") = "src", "src", "{56D7C7E7-48C8-45F6-8BC4-BFBC6574C548}"
	ProjectSection(SolutionItems) = preProject
		Components\FifoTaskQueue\src\test.txt = Components\FifoTaskQueue\src\test.txt
	EndProjectSection
EndProject
Project("{9A19103F-16F7-4668-BE54-9A1E7A4F7556}") = "MVPVMModule.Abstract", "Components\MVPVMModule\netstandard2.1\MVPVMModule.Abstract\MVPVMModule.Abstract\MVPVMModule.Abstract.csproj", "{6B98834E-7AAB-4EEF-8D76-A2D7A33FB54F}"
EndProject
Project("{2150E333-8FDC-42A3-9474-1A3956D46DE8}") = "WPFSkeleton", "WPFSkeleton", "{1968D1BE-4FED-417A-9903-B77D635B36B9}"
EndProject
Project("{9A19103F-16F7-4668-BE54-9A1E7A4F7556}") = "WpfMvpVmModuleSkeleton", "Components\MVPVMModule\Usage\WPFSkeleton\WpfMvpVmModuleSkeleton\WpfMvpVmModuleSkeleton.csproj", "{EE8F419E-CB7E-436F-9AF0-044A126FF6E9}"
EndProject
Project("{9A19103F-16F7-4668-BE54-9A1E7A4F7556}") = "WpfMvpVmModuleSkeletonTests", "Components\MVPVMModule\Usage\WPFSkeleton\WpfMvpVmModuleSkeletonTests\WpfMvpVmModuleSkeletonTests.csproj", "{562289E2-DA7E-4B44-816B-D3CA8595DEF8}"
EndProject
Project("{2150E333-8FDC-42A3-9474-1A3956D46DE8}") = "Example", "Example", "{5A4597F0-E426-45A5-934D-E4CC506BD335}"
EndProject
Project("{9A19103F-16F7-4668-BE54-9A1E7A4F7556}") = "WpfControlLibraryDummyJobQueue", "Components\MVPVMModule\Usage\Example\WpfControlLibraryDummyJobQueue\WpfControlLibraryDummyJobQueue.csproj", "{0078AC84-1A14-4994-A0AF-B9BD21F42A1E}"
EndProject
Project("{9A19103F-16F7-4668-BE54-9A1E7A4F7556}") = "WpfControlProgressBar", "Components\MVPVMModule\Usage\Example\WpfControlProgressBar\WpfControlProgressBar.csproj", "{E80FC2CE-74E7-4587-BE38-75D89893C42E}"
EndProject
Project("{9A19103F-16F7-4668-BE54-9A1E7A4F7556}") = "WPFCore5_0ModuleTemplate", "Components\MVPVMModule\WPFCore5_0ModuleTemplate\WPFCore5_0ModuleTemplate.csproj", "{B1D6FCC9-E195-4EFC-8384-6AC36B2AA315}"
EndProject
Project("{9A19103F-16F7-4668-BE54-9A1E7A4F7556}") = "WpfAppExample", "Components\MVPVMModule\Usage\Example\WpfAppExample\WpfAppExample.csproj", "{0538C537-A5E9-47F2-9CFD-ABE7D1BA05B9}"
EndProject
Global
	GlobalSection(SolutionConfigurationPlatforms) = preSolution
		Debug|Any CPU = Debug|Any CPU
		Release|Any CPU = Release|Any CPU
	EndGlobalSection
	GlobalSection(ProjectConfigurationPlatforms) = postSolution
		{79E9642E-9830-4714-9E18-4893C4A970DD}.Debug|Any CPU.ActiveCfg = Debug|Any CPU
		{79E9642E-9830-4714-9E18-4893C4A970DD}.Debug|Any CPU.Build.0 = Debug|Any CPU
		{79E9642E-9830-4714-9E18-4893C4A970DD}.Release|Any CPU.ActiveCfg = Release|Any CPU
		{79E9642E-9830-4714-9E18-4893C4A970DD}.Release|Any CPU.Build.0 = Release|Any CPU
		{274B87D7-67D7-4419-94EB-C0531DCAB270}.Debug|Any CPU.ActiveCfg = Debug|Any CPU
		{274B87D7-67D7-4419-94EB-C0531DCAB270}.Debug|Any CPU.Build.0 = Debug|Any CPU
		{274B87D7-67D7-4419-94EB-C0531DCAB270}.Release|Any CPU.ActiveCfg = Release|Any CPU
		{274B87D7-67D7-4419-94EB-C0531DCAB270}.Release|Any CPU.Build.0 = Release|Any CPU
		{A671E9AC-7A3D-450D-8597-F8A4A383C81F}.Debug|Any CPU.ActiveCfg = Debug|Any CPU
		{A671E9AC-7A3D-450D-8597-F8A4A383C81F}.Debug|Any CPU.Build.0 = Debug|Any CPU
		{A671E9AC-7A3D-450D-8597-F8A4A383C81F}.Release|Any CPU.ActiveCfg = Release|Any CPU
		{A671E9AC-7A3D-450D-8597-F8A4A383C81F}.Release|Any CPU.Build.0 = Release|Any CPU
		{9F6E73A0-EEFD-4315-8559-E6BAEEE5FA4C}.Debug|Any CPU.ActiveCfg = Debug|Any CPU
		{9F6E73A0-EEFD-4315-8559-E6BAEEE5FA4C}.Debug|Any CPU.Build.0 = Debug|Any CPU
		{9F6E73A0-EEFD-4315-8559-E6BAEEE5FA4C}.Release|Any CPU.ActiveCfg = Release|Any CPU
		{9F6E73A0-EEFD-4315-8559-E6BAEEE5FA4C}.Release|Any CPU.Build.0 = Release|Any CPU
		{FD6D6E32-8E07-47D1-AB51-24487A6F8EBD}.Debug|Any CPU.ActiveCfg = Debug|Any CPU
		{FD6D6E32-8E07-47D1-AB51-24487A6F8EBD}.Debug|Any CPU.Build.0 = Debug|Any CPU
		{FD6D6E32-8E07-47D1-AB51-24487A6F8EBD}.Release|Any CPU.ActiveCfg = Release|Any CPU
		{FD6D6E32-8E07-47D1-AB51-24487A6F8EBD}.Release|Any CPU.Build.0 = Release|Any CPU
		{B1456AC0-E3E5-4406-A26D-42C522253300}.Debug|Any CPU.ActiveCfg = Debug|Any CPU
		{B1456AC0-E3E5-4406-A26D-42C522253300}.Debug|Any CPU.Build.0 = Debug|Any CPU
		{B1456AC0-E3E5-4406-A26D-42C522253300}.Release|Any CPU.ActiveCfg = Release|Any CPU
		{B1456AC0-E3E5-4406-A26D-42C522253300}.Release|Any CPU.Build.0 = Release|Any CPU
		{19B4E34F-7442-4A0C-BBC6-E605C64E0667}.Debug|Any CPU.ActiveCfg = Debug|Any CPU
		{19B4E34F-7442-4A0C-BBC6-E605C64E0667}.Debug|Any CPU.Build.0 = Debug|Any CPU
		{19B4E34F-7442-4A0C-BBC6-E605C64E0667}.Release|Any CPU.ActiveCfg = Release|Any CPU
		{19B4E34F-7442-4A0C-BBC6-E605C64E0667}.Release|Any CPU.Build.0 = Release|Any CPU
		{14565C1C-214B-4C14-8B6E-C0F644F16221}.Debug|Any CPU.ActiveCfg = Debug|Any CPU
		{14565C1C-214B-4C14-8B6E-C0F644F16221}.Debug|Any CPU.Build.0 = Debug|Any CPU
		{14565C1C-214B-4C14-8B6E-C0F644F16221}.Release|Any CPU.ActiveCfg = Release|Any CPU
		{14565C1C-214B-4C14-8B6E-C0F644F16221}.Release|Any CPU.Build.0 = Release|Any CPU
		{BAD2885C-AC9E-4AFA-905D-78D64B4214F8}.Debug|Any CPU.ActiveCfg = Debug|Any CPU
		{BAD2885C-AC9E-4AFA-905D-78D64B4214F8}.Debug|Any CPU.Build.0 = Debug|Any CPU
		{BAD2885C-AC9E-4AFA-905D-78D64B4214F8}.Release|Any CPU.ActiveCfg = Release|Any CPU
		{BAD2885C-AC9E-4AFA-905D-78D64B4214F8}.Release|Any CPU.Build.0 = Release|Any CPU
		{8E5CCBA7-92B4-4258-8C9C-E9FB1307744B}.Debug|Any CPU.ActiveCfg = Debug|Any CPU
		{8E5CCBA7-92B4-4258-8C9C-E9FB1307744B}.Debug|Any CPU.Build.0 = Debug|Any CPU
		{8E5CCBA7-92B4-4258-8C9C-E9FB1307744B}.Release|Any CPU.ActiveCfg = Release|Any CPU
		{8E5CCBA7-92B4-4258-8C9C-E9FB1307744B}.Release|Any CPU.Build.0 = Release|Any CPU
		{5312979B-D183-4956-A1BB-42CB045FA20F}.Debug|Any CPU.ActiveCfg = Debug|Any CPU
		{5312979B-D183-4956-A1BB-42CB045FA20F}.Debug|Any CPU.Build.0 = Debug|Any CPU
		{5312979B-D183-4956-A1BB-42CB045FA20F}.Release|Any CPU.ActiveCfg = Release|Any CPU
		{5312979B-D183-4956-A1BB-42CB045FA20F}.Release|Any CPU.Build.0 = Release|Any CPU
		{6B98834E-7AAB-4EEF-8D76-A2D7A33FB54F}.Debug|Any CPU.ActiveCfg = Debug|Any CPU
		{6B98834E-7AAB-4EEF-8D76-A2D7A33FB54F}.Debug|Any CPU.Build.0 = Debug|Any CPU
		{6B98834E-7AAB-4EEF-8D76-A2D7A33FB54F}.Release|Any CPU.ActiveCfg = Release|Any CPU
		{6B98834E-7AAB-4EEF-8D76-A2D7A33FB54F}.Release|Any CPU.Build.0 = Release|Any CPU
		{EE8F419E-CB7E-436F-9AF0-044A126FF6E9}.Debug|Any CPU.ActiveCfg = Debug|Any CPU
		{EE8F419E-CB7E-436F-9AF0-044A126FF6E9}.Debug|Any CPU.Build.0 = Debug|Any CPU
		{EE8F419E-CB7E-436F-9AF0-044A126FF6E9}.Release|Any CPU.ActiveCfg = Release|Any CPU
		{EE8F419E-CB7E-436F-9AF0-044A126FF6E9}.Release|Any CPU.Build.0 = Release|Any CPU
		{562289E2-DA7E-4B44-816B-D3CA8595DEF8}.Debug|Any CPU.ActiveCfg = Debug|Any CPU
		{562289E2-DA7E-4B44-816B-D3CA8595DEF8}.Debug|Any CPU.Build.0 = Debug|Any CPU
		{562289E2-DA7E-4B44-816B-D3CA8595DEF8}.Release|Any CPU.ActiveCfg = Release|Any CPU
		{562289E2-DA7E-4B44-816B-D3CA8595DEF8}.Release|Any CPU.Build.0 = Release|Any CPU
		{0078AC84-1A14-4994-A0AF-B9BD21F42A1E}.Debug|Any CPU.ActiveCfg = Debug|Any CPU
		{0078AC84-1A14-4994-A0AF-B9BD21F42A1E}.Debug|Any CPU.Build.0 = Debug|Any CPU
		{0078AC84-1A14-4994-A0AF-B9BD21F42A1E}.Release|Any CPU.ActiveCfg = Release|Any CPU
		{0078AC84-1A14-4994-A0AF-B9BD21F42A1E}.Release|Any CPU.Build.0 = Release|Any CPU
		{E80FC2CE-74E7-4587-BE38-75D89893C42E}.Debug|Any CPU.ActiveCfg = Debug|Any CPU
		{E80FC2CE-74E7-4587-BE38-75D89893C42E}.Debug|Any CPU.Build.0 = Debug|Any CPU
		{E80FC2CE-74E7-4587-BE38-75D89893C42E}.Release|Any CPU.ActiveCfg = Release|Any CPU
		{E80FC2CE-74E7-4587-BE38-75D89893C42E}.Release|Any CPU.Build.0 = Release|Any CPU
		{B1D6FCC9-E195-4EFC-8384-6AC36B2AA315}.Debug|Any CPU.ActiveCfg = Debug|Any CPU
		{B1D6FCC9-E195-4EFC-8384-6AC36B2AA315}.Debug|Any CPU.Build.0 = Debug|Any CPU
		{B1D6FCC9-E195-4EFC-8384-6AC36B2AA315}.Release|Any CPU.ActiveCfg = Release|Any CPU
		{B1D6FCC9-E195-4EFC-8384-6AC36B2AA315}.Release|Any CPU.Build.0 = Release|Any CPU
		{0538C537-A5E9-47F2-9CFD-ABE7D1BA05B9}.Debug|Any CPU.ActiveCfg = Debug|Any CPU
		{0538C537-A5E9-47F2-9CFD-ABE7D1BA05B9}.Debug|Any CPU.Build.0 = Debug|Any CPU
		{0538C537-A5E9-47F2-9CFD-ABE7D1BA05B9}.Release|Any CPU.ActiveCfg = Release|Any CPU
		{0538C537-A5E9-47F2-9CFD-ABE7D1BA05B9}.Release|Any CPU.Build.0 = Release|Any CPU
	EndGlobalSection
	GlobalSection(SolutionProperties) = preSolution
		HideSolutionNode = FALSE
	EndGlobalSection
	GlobalSection(NestedProjects) = preSolution
		{5421BFA4-3866-4059-93A1-16C4D6263738} = {426C50EC-B53C-4805-A690-D50E4BEE91B2}
		{F999D0A8-5394-49A7-A6BC-4B7A57263B5F} = {426C50EC-B53C-4805-A690-D50E4BEE91B2}
		{441B223E-FF30-4D04-B253-AF71D1318630} = {5421BFA4-3866-4059-93A1-16C4D6263738}
		{79E9642E-9830-4714-9E18-4893C4A970DD} = {441B223E-FF30-4D04-B253-AF71D1318630}
		{58DBB17F-F1F2-45DA-BB03-3ADF87A63BA0} = {5421BFA4-3866-4059-93A1-16C4D6263738}
		{15E6B20B-ABC7-49C4-8E7F-B3F55B81B9B0} = {58DBB17F-F1F2-45DA-BB03-3ADF87A63BA0}
		{274B87D7-67D7-4419-94EB-C0531DCAB270} = {15E6B20B-ABC7-49C4-8E7F-B3F55B81B9B0}
		{4DD4FFED-FABC-4990-8435-6779BBE59C68} = {F999D0A8-5394-49A7-A6BC-4B7A57263B5F}
		{A671E9AC-7A3D-450D-8597-F8A4A383C81F} = {4DD4FFED-FABC-4990-8435-6779BBE59C68}
		{9F6E73A0-EEFD-4315-8559-E6BAEEE5FA4C} = {4DD4FFED-FABC-4990-8435-6779BBE59C68}
		{C2A59B82-ECEC-4FDF-9F9B-DCA37A5AEE39} = {4DD4FFED-FABC-4990-8435-6779BBE59C68}
		{6C10B13B-17DE-491E-B6CD-B4BEC8C1B81E} = {C2A59B82-ECEC-4FDF-9F9B-DCA37A5AEE39}
		{A06DB4F2-1150-4C21-84B1-068223DE6CD9} = {F999D0A8-5394-49A7-A6BC-4B7A57263B5F}
		{FD6D6E32-8E07-47D1-AB51-24487A6F8EBD} = {A06DB4F2-1150-4C21-84B1-068223DE6CD9}
		{B1456AC0-E3E5-4406-A26D-42C522253300} = {A06DB4F2-1150-4C21-84B1-068223DE6CD9}
		{A703F116-6DB7-4DF4-9BCA-3ED84C319D3E} = {A06DB4F2-1150-4C21-84B1-068223DE6CD9}
		{70462C0D-CA31-441A-B89C-35F92C2AF7E4} = {C2A59B82-ECEC-4FDF-9F9B-DCA37A5AEE39}
		{19B4E34F-7442-4A0C-BBC6-E605C64E0667} = {6C10B13B-17DE-491E-B6CD-B4BEC8C1B81E}
		{14565C1C-214B-4C14-8B6E-C0F644F16221} = {70462C0D-CA31-441A-B89C-35F92C2AF7E4}
		{BAD2885C-AC9E-4AFA-905D-78D64B4214F8} = {A703F116-6DB7-4DF4-9BCA-3ED84C319D3E}
		{F2234F01-6AA5-4E87-BE65-01612B0EF243} = {426C50EC-B53C-4805-A690-D50E4BEE91B2}
		{AF8263CE-68DD-4B9A-B7D6-8DE8D8366646} = {F2234F01-6AA5-4E87-BE65-01612B0EF243}
		{8E5CCBA7-92B4-4258-8C9C-E9FB1307744B} = {AF8263CE-68DD-4B9A-B7D6-8DE8D8366646}
		{5312979B-D183-4956-A1BB-42CB045FA20F} = {441B223E-FF30-4D04-B253-AF71D1318630}
		{F9F4A653-5A16-4F13-912C-0719FC9FF35C} = {F2234F01-6AA5-4E87-BE65-01612B0EF243}
		{56D7C7E7-48C8-45F6-8BC4-BFBC6574C548} = {F999D0A8-5394-49A7-A6BC-4B7A57263B5F}
		{6B98834E-7AAB-4EEF-8D76-A2D7A33FB54F} = {AF8263CE-68DD-4B9A-B7D6-8DE8D8366646}
		{1968D1BE-4FED-417A-9903-B77D635B36B9} = {F9F4A653-5A16-4F13-912C-0719FC9FF35C}
		{EE8F419E-CB7E-436F-9AF0-044A126FF6E9} = {1968D1BE-4FED-417A-9903-B77D635B36B9}
		{562289E2-DA7E-4B44-816B-D3CA8595DEF8} = {1968D1BE-4FED-417A-9903-B77D635B36B9}
		{5A4597F0-E426-45A5-934D-E4CC506BD335} = {F9F4A653-5A16-4F13-912C-0719FC9FF35C}
		{0078AC84-1A14-4994-A0AF-B9BD21F42A1E} = {5A4597F0-E426-45A5-934D-E4CC506BD335}
		{E80FC2CE-74E7-4587-BE38-75D89893C42E} = {5A4597F0-E426-45A5-934D-E4CC506BD335}
		{B1D6FCC9-E195-4EFC-8384-6AC36B2AA315} = {F2234F01-6AA5-4E87-BE65-01612B0EF243}
		{0538C537-A5E9-47F2-9CFD-ABE7D1BA05B9} = {5A4597F0-E426-45A5-934D-E4CC506BD335}
	EndGlobalSection
	GlobalSection(ExtensibilityGlobals) = postSolution
		SolutionGuid = {067CA09E-EA2D-4FC2-9856-E052662EBD1B}
	EndGlobalSection
EndGlobal
