
Microsoft Visual Studio Solution File, Format Version 12.00
# Visual Studio Version 16
VisualStudioVersion = 16.0.31105.61
MinimumVisualStudioVersion = 10.0.40219.1
Project("{2150E333-8FDC-42A3-9474-1A3956D46DE8}") = "DotNetCore", "DotNetCore", "{6B9E3C15-F413-4E7F-8D49-1CFB8AA08507}"
EndProject
Project("{9A19103F-16F7-4668-BE54-9A1E7A4F7556}") = "FifoTaskQueue", "DotNetCore\FifoTaskQueue\FifoTaskQueue.csproj", "{9E3C8D4A-FA28-490F-8F48-3A9776C3D3ED}"
EndProject
Project("{9A19103F-16F7-4668-BE54-9A1E7A4F7556}") = "FifoTaskQueueTest", "DotNetCore\FifoTaskQueueTest\FifoTaskQueueTest.csproj", "{4DB49FE7-DCD3-4544-B22E-24F3CEF7098D}"
EndProject
Project("{2150E333-8FDC-42A3-9474-1A3956D46DE8}") = "DotNetFramework", "DotNetFramework", "{CC82DD53-3EAC-4CFA-A3B5-6984F6357E69}"
EndProject
Project("{FAE04EC0-301F-11D3-BF4B-00C04F79EFBC}") = "FifoTaskQueue", "DotNetFramework\FifoTaskQueue\FifoTaskQueue.csproj", "{FD6D6E32-8E07-47D1-AB51-24487A6F8EBD}"
EndProject
Project("{FAE04EC0-301F-11D3-BF4B-00C04F79EFBC}") = "FifoTaskQueueTest", "DotNetFramework\FifoTaskQueueTest\FifoTaskQueueTest.csproj", "{BAD2885C-AC9E-4AFA-905D-78D64B4214F8}"
EndProject
Project("{9A19103F-16F7-4668-BE54-9A1E7A4F7556}") = "FifoTaskQueueAbstract", "DotNetCore\FifoTaskQueueAbstract\FifoTaskQueueAbstract.csproj", "{F8129C22-3755-4FD4-BF0F-DBFA674F5ACD}"
EndProject
Project("{FAE04EC0-301F-11D3-BF4B-00C04F79EFBC}") = "FifoTaskQueueAbstract", "DotNetFramework\FifoTaskQueueAbstract\FifoTaskQueueAbstract.csproj", "{B1456AC0-E3E5-4406-A26D-42C522253300}"
EndProject
Project("{2150E333-8FDC-42A3-9474-1A3956D46DE8}") = "Samples", "Samples", "{A1C30C98-F40F-418B-813D-5A7E6DA320AD}"
EndProject
Project("{9A19103F-16F7-4668-BE54-9A1E7A4F7556}") = "WPF_Usage", "WPF_Usage\WPF_Usage.csproj", "{95BF1F57-3E5C-4612-9CD0-17A267F58D52}"
EndProject
Project("{9A19103F-16F7-4668-BE54-9A1E7A4F7556}") = "WPF_Usage.Test", "DotNetCore\Samples\WPF_Usage.Test\WPF_Usage.Test.csproj", "{4AC71350-F6C7-4CAF-B29C-BCA2B93A6AF8}"
EndProject
Project("{9A19103F-16F7-4668-BE54-9A1E7A4F7556}") = "MVPVMAbstract", "MVPVMAbstract\MVPVMAbstract.csproj", "{D0AD13C3-8102-4F62-8589-8D2B4B1230F1}"
EndProject
Project("{9A19103F-16F7-4668-BE54-9A1E7A4F7556}") = "MVPVMAbstractTests", "MVPVMAbstractTests\MVPVMAbstractTests.csproj", "{FFAD7EF3-3514-450E-B7F4-9A4E3688DC4F}"
EndProject
Project("{2150E333-8FDC-42A3-9474-1A3956D46DE8}") = "DotNetStandard", "DotNetStandard", "{964D5E18-0405-4C32-8772-E003F143F0D8}"
EndProject
Project("{FAE04EC0-301F-11D3-BF4B-00C04F79EFBC}") = "FifoTaskQueue", "FifoTaskQueue\FifoTaskQueue.csproj", "{BD799B5E-6CC7-4386-976E-0B08B02640B4}"
EndProject
Project("{FAE04EC0-301F-11D3-BF4B-00C04F79EFBC}") = "FifoTaskQueue.Test", "FifoTaskQueue.Test\FifoTaskQueue.Test.csproj", "{740E1283-2AF7-4BC7-9761-5016F1FD63E8}"
EndProject
Global
	GlobalSection(SolutionConfigurationPlatforms) = preSolution
		Debug|Any CPU = Debug|Any CPU
		Release|Any CPU = Release|Any CPU
	EndGlobalSection
	GlobalSection(ProjectConfigurationPlatforms) = postSolution
		{9E3C8D4A-FA28-490F-8F48-3A9776C3D3ED}.Debug|Any CPU.ActiveCfg = Debug|Any CPU
		{9E3C8D4A-FA28-490F-8F48-3A9776C3D3ED}.Debug|Any CPU.Build.0 = Debug|Any CPU
		{9E3C8D4A-FA28-490F-8F48-3A9776C3D3ED}.Release|Any CPU.ActiveCfg = Release|Any CPU
		{9E3C8D4A-FA28-490F-8F48-3A9776C3D3ED}.Release|Any CPU.Build.0 = Release|Any CPU
		{4DB49FE7-DCD3-4544-B22E-24F3CEF7098D}.Debug|Any CPU.ActiveCfg = Debug|Any CPU
		{4DB49FE7-DCD3-4544-B22E-24F3CEF7098D}.Debug|Any CPU.Build.0 = Debug|Any CPU
		{4DB49FE7-DCD3-4544-B22E-24F3CEF7098D}.Release|Any CPU.ActiveCfg = Release|Any CPU
		{4DB49FE7-DCD3-4544-B22E-24F3CEF7098D}.Release|Any CPU.Build.0 = Release|Any CPU
		{FD6D6E32-8E07-47D1-AB51-24487A6F8EBD}.Debug|Any CPU.ActiveCfg = Debug|Any CPU
		{FD6D6E32-8E07-47D1-AB51-24487A6F8EBD}.Debug|Any CPU.Build.0 = Debug|Any CPU
		{FD6D6E32-8E07-47D1-AB51-24487A6F8EBD}.Release|Any CPU.ActiveCfg = Release|Any CPU
		{FD6D6E32-8E07-47D1-AB51-24487A6F8EBD}.Release|Any CPU.Build.0 = Release|Any CPU
		{BAD2885C-AC9E-4AFA-905D-78D64B4214F8}.Debug|Any CPU.ActiveCfg = Debug|Any CPU
		{BAD2885C-AC9E-4AFA-905D-78D64B4214F8}.Debug|Any CPU.Build.0 = Debug|Any CPU
		{BAD2885C-AC9E-4AFA-905D-78D64B4214F8}.Release|Any CPU.ActiveCfg = Release|Any CPU
		{BAD2885C-AC9E-4AFA-905D-78D64B4214F8}.Release|Any CPU.Build.0 = Release|Any CPU
		{F8129C22-3755-4FD4-BF0F-DBFA674F5ACD}.Debug|Any CPU.ActiveCfg = Debug|Any CPU
		{F8129C22-3755-4FD4-BF0F-DBFA674F5ACD}.Debug|Any CPU.Build.0 = Debug|Any CPU
		{F8129C22-3755-4FD4-BF0F-DBFA674F5ACD}.Release|Any CPU.ActiveCfg = Release|Any CPU
		{F8129C22-3755-4FD4-BF0F-DBFA674F5ACD}.Release|Any CPU.Build.0 = Release|Any CPU
		{B1456AC0-E3E5-4406-A26D-42C522253300}.Debug|Any CPU.ActiveCfg = Debug|Any CPU
		{B1456AC0-E3E5-4406-A26D-42C522253300}.Debug|Any CPU.Build.0 = Debug|Any CPU
		{B1456AC0-E3E5-4406-A26D-42C522253300}.Release|Any CPU.ActiveCfg = Release|Any CPU
		{B1456AC0-E3E5-4406-A26D-42C522253300}.Release|Any CPU.Build.0 = Release|Any CPU
		{95BF1F57-3E5C-4612-9CD0-17A267F58D52}.Debug|Any CPU.ActiveCfg = Debug|Any CPU
		{95BF1F57-3E5C-4612-9CD0-17A267F58D52}.Debug|Any CPU.Build.0 = Debug|Any CPU
		{95BF1F57-3E5C-4612-9CD0-17A267F58D52}.Release|Any CPU.ActiveCfg = Release|Any CPU
		{95BF1F57-3E5C-4612-9CD0-17A267F58D52}.Release|Any CPU.Build.0 = Release|Any CPU
		{4AC71350-F6C7-4CAF-B29C-BCA2B93A6AF8}.Debug|Any CPU.ActiveCfg = Debug|Any CPU
		{4AC71350-F6C7-4CAF-B29C-BCA2B93A6AF8}.Debug|Any CPU.Build.0 = Debug|Any CPU
		{4AC71350-F6C7-4CAF-B29C-BCA2B93A6AF8}.Release|Any CPU.ActiveCfg = Release|Any CPU
		{4AC71350-F6C7-4CAF-B29C-BCA2B93A6AF8}.Release|Any CPU.Build.0 = Release|Any CPU
		{D0AD13C3-8102-4F62-8589-8D2B4B1230F1}.Debug|Any CPU.ActiveCfg = Debug|Any CPU
		{D0AD13C3-8102-4F62-8589-8D2B4B1230F1}.Debug|Any CPU.Build.0 = Debug|Any CPU
		{D0AD13C3-8102-4F62-8589-8D2B4B1230F1}.Release|Any CPU.ActiveCfg = Release|Any CPU
		{D0AD13C3-8102-4F62-8589-8D2B4B1230F1}.Release|Any CPU.Build.0 = Release|Any CPU
		{FFAD7EF3-3514-450E-B7F4-9A4E3688DC4F}.Debug|Any CPU.ActiveCfg = Debug|Any CPU
		{FFAD7EF3-3514-450E-B7F4-9A4E3688DC4F}.Debug|Any CPU.Build.0 = Debug|Any CPU
		{FFAD7EF3-3514-450E-B7F4-9A4E3688DC4F}.Release|Any CPU.ActiveCfg = Release|Any CPU
		{FFAD7EF3-3514-450E-B7F4-9A4E3688DC4F}.Release|Any CPU.Build.0 = Release|Any CPU
		{BD799B5E-6CC7-4386-976E-0B08B02640B4}.Debug|Any CPU.ActiveCfg = Debug|Any CPU
		{BD799B5E-6CC7-4386-976E-0B08B02640B4}.Debug|Any CPU.Build.0 = Debug|Any CPU
		{BD799B5E-6CC7-4386-976E-0B08B02640B4}.Release|Any CPU.ActiveCfg = Release|Any CPU
		{BD799B5E-6CC7-4386-976E-0B08B02640B4}.Release|Any CPU.Build.0 = Release|Any CPU
		{740E1283-2AF7-4BC7-9761-5016F1FD63E8}.Debug|Any CPU.ActiveCfg = Debug|Any CPU
		{740E1283-2AF7-4BC7-9761-5016F1FD63E8}.Debug|Any CPU.Build.0 = Debug|Any CPU
		{740E1283-2AF7-4BC7-9761-5016F1FD63E8}.Release|Any CPU.ActiveCfg = Release|Any CPU
		{740E1283-2AF7-4BC7-9761-5016F1FD63E8}.Release|Any CPU.Build.0 = Release|Any CPU
	EndGlobalSection
	GlobalSection(SolutionProperties) = preSolution
		HideSolutionNode = FALSE
	EndGlobalSection
	GlobalSection(NestedProjects) = preSolution
		{9E3C8D4A-FA28-490F-8F48-3A9776C3D3ED} = {6B9E3C15-F413-4E7F-8D49-1CFB8AA08507}
		{4DB49FE7-DCD3-4544-B22E-24F3CEF7098D} = {6B9E3C15-F413-4E7F-8D49-1CFB8AA08507}
		{FD6D6E32-8E07-47D1-AB51-24487A6F8EBD} = {CC82DD53-3EAC-4CFA-A3B5-6984F6357E69}
		{BAD2885C-AC9E-4AFA-905D-78D64B4214F8} = {CC82DD53-3EAC-4CFA-A3B5-6984F6357E69}
		{F8129C22-3755-4FD4-BF0F-DBFA674F5ACD} = {6B9E3C15-F413-4E7F-8D49-1CFB8AA08507}
		{B1456AC0-E3E5-4406-A26D-42C522253300} = {CC82DD53-3EAC-4CFA-A3B5-6984F6357E69}
		{A1C30C98-F40F-418B-813D-5A7E6DA320AD} = {6B9E3C15-F413-4E7F-8D49-1CFB8AA08507}
		{95BF1F57-3E5C-4612-9CD0-17A267F58D52} = {A1C30C98-F40F-418B-813D-5A7E6DA320AD}
		{4AC71350-F6C7-4CAF-B29C-BCA2B93A6AF8} = {A1C30C98-F40F-418B-813D-5A7E6DA320AD}
		{D0AD13C3-8102-4F62-8589-8D2B4B1230F1} = {A1C30C98-F40F-418B-813D-5A7E6DA320AD}
		{BD799B5E-6CC7-4386-976E-0B08B02640B4} = {964D5E18-0405-4C32-8772-E003F143F0D8}
		{740E1283-2AF7-4BC7-9761-5016F1FD63E8} = {964D5E18-0405-4C32-8772-E003F143F0D8}
	EndGlobalSection
	GlobalSection(ExtensibilityGlobals) = postSolution
		SolutionGuid = {067CA09E-EA2D-4FC2-9856-E052662EBD1B}
	EndGlobalSection
EndGlobal
